<?xml version="1.0" encoding="UTF-8"?>
<Project ToolsVersion="15.0" xmlns="http://schemas.microsoft.com/developer/msbuild/2003">
  <ItemGroup>
    <CustomBuild Include="C:\Users\User\Documents\first_cmake\temp\CMakeFiles\7a6b890e8c2e7163d2f879534b5a7dbb\generate.stamp.rule">
      <Filter>CMake Rules</Filter>
    </CustomBuild>
  </ItemGroup>
  <ItemGroup>
    <Filter Include="CMake Rules">
      <UniqueIdentifier>{CCFA3FC3-F83F-3130-9714-3D2E9F67AAD5}</UniqueIdentifier>
    </Filter>
  </ItemGroup>
</Project>
